// !$*UTF8*$!
{
	archiveVersion = 1;
	classes = {
	};
	objectVersion = 50;
	objects = {

/* Begin PBXBuildFile section */
		7A3B1A4722F11C0800D4A942 /* AppDelegate.m in Sources */ = {isa = PBXBuildFile; fileRef = 7A3B1A4622F11C0800D4A942 /* AppDelegate.m */; };
		7A3B1A4A22F11C0800D4A942 /* ViewController.m in Sources */ = {isa = PBXBuildFile; fileRef = 7A3B1A4922F11C0800D4A942 /* ViewController.m */; };
		7A3B1A4D22F11C0800D4A942 /* Main.storyboard in Resources */ = {isa = PBXBuildFile; fileRef = 7A3B1A4B22F11C0800D4A942 /* Main.storyboard */; };
		7A3B1A4F22F11C0A00D4A942 /* Assets.xcassets in Resources */ = {isa = PBXBuildFile; fileRef = 7A3B1A4E22F11C0A00D4A942 /* Assets.xcassets */; };
		7A3B1A5222F11C0A00D4A942 /* LaunchScreen.storyboard in Resources */ = {isa = PBXBuildFile; fileRef = 7A3B1A5022F11C0A00D4A942 /* LaunchScreen.storyboard */; };
		7A3B1A5522F11C0A00D4A942 /* main.m in Sources */ = {isa = PBXBuildFile; fileRef = 7A3B1A5422F11C0A00D4A942 /* main.m */; };
		7A3B1A8B22F11EA500D4A942 /* NSAttributedString+XwfAddition.m in Sources */ = {isa = PBXBuildFile; fileRef = 7A3B1A6422F11EA300D4A942 /* NSAttributedString+XwfAddition.m */; };
		7A3B1A8C22F11EA500D4A942 /* NSArray+XwfAddition.m in Sources */ = {isa = PBXBuildFile; fileRef = 7A3B1A6522F11EA300D4A942 /* NSArray+XwfAddition.m */; };
		7A3B1A8D22F11EA500D4A942 /* NSObject+LSDView_RoundedCorners.m in Sources */ = {isa = PBXBuildFile; fileRef = 7A3B1A6622F11EA300D4A942 /* NSObject+LSDView_RoundedCorners.m */; };
		7A3B1A8E22F11EA500D4A942 /* NSArray+Log.m in Sources */ = {isa = PBXBuildFile; fileRef = 7A3B1A6722F11EA300D4A942 /* NSArray+Log.m */; };
		7A3B1A8F22F11EA500D4A942 /* UIViewController+PopupWindow.m in Sources */ = {isa = PBXBuildFile; fileRef = 7A3B1A6922F11EA300D4A942 /* UIViewController+PopupWindow.m */; };
		7A3B1A9022F11EA500D4A942 /* UIViewController+PushViewController.m in Sources */ = {isa = PBXBuildFile; fileRef = 7A3B1A6A22F11EA300D4A942 /* UIViewController+PushViewController.m */; };
		7A3B1A9122F11EA500D4A942 /* XWFEqualSpaceFlowLayout.m in Sources */ = {isa = PBXBuildFile; fileRef = 7A3B1A6B22F11EA300D4A942 /* XWFEqualSpaceFlowLayout.m */; };
		7A3B1A9222F11EA500D4A942 /* XWFCountdownBtn.m in Sources */ = {isa = PBXBuildFile; fileRef = 7A3B1A7022F11EA300D4A942 /* XWFCountdownBtn.m */; };
		7A3B1A9322F11EA500D4A942 /* NSNumber+String.m in Sources */ = {isa = PBXBuildFile; fileRef = 7A3B1A7322F11EA300D4A942 /* NSNumber+String.m */; };
		7A3B1A9422F11EA500D4A942 /* UIView+Xwftility.m in Sources */ = {isa = PBXBuildFile; fileRef = 7A3B1A7622F11EA300D4A942 /* UIView+Xwftility.m */; };
		7A3B1A9522F11EA500D4A942 /* NSError+Create.m in Sources */ = {isa = PBXBuildFile; fileRef = 7A3B1A7722F11EA300D4A942 /* NSError+Create.m */; };
		7A3B1A9622F11EA500D4A942 /* UIColor+XwfAddition.m in Sources */ = {isa = PBXBuildFile; fileRef = 7A3B1A7822F11EA300D4A942 /* UIColor+XwfAddition.m */; };
		7A3B1A9722F11EA500D4A942 /* NSObject+Null.m in Sources */ = {isa = PBXBuildFile; fileRef = 7A3B1A7B22F11EA400D4A942 /* NSObject+Null.m */; };
		7A3B1A9922F11EA500D4A942 /* XButton.m in Sources */ = {isa = PBXBuildFile; fileRef = 7A3B1A7F22F11EA400D4A942 /* XButton.m */; };
		7A3B1A9A22F11EA500D4A942 /* UILabel+XwfAddition.m in Sources */ = {isa = PBXBuildFile; fileRef = 7A3B1A8022F11EA400D4A942 /* UILabel+XwfAddition.m */; };
		7A3B1A9B22F11EA500D4A942 /* NSObject+XwfAddition.m in Sources */ = {isa = PBXBuildFile; fileRef = 7A3B1A8222F11EA400D4A942 /* NSObject+XwfAddition.m */; };
		7A3B1A9C22F11EA500D4A942 /* xxxVerify.m in Sources */ = {isa = PBXBuildFile; fileRef = 7A3B1A8322F11EA400D4A942 /* xxxVerify.m */; };
		7A3B1AD322FA5A0700D4A942 /* CsCommon.m in Sources */ = {isa = PBXBuildFile; fileRef = 7A3B1AD222FA5A0700D4A942 /* CsCommon.m */; };
		7A3B1AD622FA5C1A00D4A942 /* UIButton+XwfAddition.m in Sources */ = {isa = PBXBuildFile; fileRef = 7A3B1AD522FA5C1A00D4A942 /* UIButton+XwfAddition.m */; };
		7A3B1AD922FA5C5B00D4A942 /* UIViewController+XwfAddition.m in Sources */ = {isa = PBXBuildFile; fileRef = 7A3B1AD822FA5C5B00D4A942 /* UIViewController+XwfAddition.m */; };
/* End PBXBuildFile section */

/* Begin PBXFileReference section */
		7A3B1A4222F11C0800D4A942 /* XXXTool.app */ = {isa = PBXFileReference; explicitFileType = wrapper.application; includeInIndex = 0; path = XXXTool.app; sourceTree = BUILT_PRODUCTS_DIR; };
		7A3B1A4522F11C0800D4A942 /* AppDelegate.h */ = {isa = PBXFileReference; lastKnownFileType = sourcecode.c.h; path = AppDelegate.h; sourceTree = "<group>"; };
		7A3B1A4622F11C0800D4A942 /* AppDelegate.m */ = {isa = PBXFileReference; lastKnownFileType = sourcecode.c.objc; path = AppDelegate.m; sourceTree = "<group>"; };
		7A3B1A4822F11C0800D4A942 /* ViewController.h */ = {isa = PBXFileReference; lastKnownFileType = sourcecode.c.h; path = ViewController.h; sourceTree = "<group>"; };
		7A3B1A4922F11C0800D4A942 /* ViewController.m */ = {isa = PBXFileReference; lastKnownFileType = sourcecode.c.objc; path = ViewController.m; sourceTree = "<group>"; };
		7A3B1A4C22F11C0800D4A942 /* Base */ = {isa = PBXFileReference; lastKnownFileType = file.storyboard; name = Base; path = Base.lproj/Main.storyboard; sourceTree = "<group>"; };
		7A3B1A4E22F11C0A00D4A942 /* Assets.xcassets */ = {isa = PBXFileReference; lastKnownFileType = folder.assetcatalog; path = Assets.xcassets; sourceTree = "<group>"; };
		7A3B1A5122F11C0A00D4A942 /* Base */ = {isa = PBXFileReference; lastKnownFileType = file.storyboard; name = Base; path = Base.lproj/LaunchScreen.storyboard; sourceTree = "<group>"; };
		7A3B1A5322F11C0A00D4A942 /* Info.plist */ = {isa = PBXFileReference; lastKnownFileType = text.plist.xml; path = Info.plist; sourceTree = "<group>"; };
		7A3B1A5422F11C0A00D4A942 /* main.m */ = {isa = PBXFileReference; lastKnownFileType = sourcecode.c.objc; path = main.m; sourceTree = "<group>"; };
		7A3B1A6122F11EA300D4A942 /* NSObject+XwfAddition.h */ = {isa = PBXFileReference; fileEncoding = 4; lastKnownFileType = sourcecode.c.h; path = "NSObject+XwfAddition.h"; sourceTree = "<group>"; };
		7A3B1A6222F11EA300D4A942 /* XWFCountdownBtn.h */ = {isa = PBXFileReference; fileEncoding = 4; lastKnownFileType = sourcecode.c.h; path = XWFCountdownBtn.h; sourceTree = "<group>"; };
		7A3B1A6422F11EA300D4A942 /* NSAttributedString+XwfAddition.m */ = {isa = PBXFileReference; fileEncoding = 4; lastKnownFileType = sourcecode.c.objc; path = "NSAttributedString+XwfAddition.m"; sourceTree = "<group>"; };
		7A3B1A6522F11EA300D4A942 /* NSArray+XwfAddition.m */ = {isa = PBXFileReference; fileEncoding = 4; lastKnownFileType = sourcecode.c.objc; path = "NSArray+XwfAddition.m"; sourceTree = "<group>"; };
		7A3B1A6622F11EA300D4A942 /* NSObject+LSDView_RoundedCorners.m */ = {isa = PBXFileReference; fileEncoding = 4; lastKnownFileType = sourcecode.c.objc; path = "NSObject+LSDView_RoundedCorners.m"; sourceTree = "<group>"; };
		7A3B1A6722F11EA300D4A942 /* NSArray+Log.m */ = {isa = PBXFileReference; fileEncoding = 4; lastKnownFileType = sourcecode.c.objc; path = "NSArray+Log.m"; sourceTree = "<group>"; };
		7A3B1A6822F11EA300D4A942 /* UILabel+XwfAddition.h */ = {isa = PBXFileReference; fileEncoding = 4; lastKnownFileType = sourcecode.c.h; path = "UILabel+XwfAddition.h"; sourceTree = "<group>"; };
		7A3B1A6922F11EA300D4A942 /* UIViewController+PopupWindow.m */ = {isa = PBXFileReference; fileEncoding = 4; lastKnownFileType = sourcecode.c.objc; path = "UIViewController+PopupWindow.m"; sourceTree = "<group>"; };
		7A3B1A6A22F11EA300D4A942 /* UIViewController+PushViewController.m */ = {isa = PBXFileReference; fileEncoding = 4; lastKnownFileType = sourcecode.c.objc; path = "UIViewController+PushViewController.m"; sourceTree = "<group>"; };
		7A3B1A6B22F11EA300D4A942 /* XWFEqualSpaceFlowLayout.m */ = {isa = PBXFileReference; fileEncoding = 4; lastKnownFileType = sourcecode.c.objc; path = XWFEqualSpaceFlowLayout.m; sourceTree = "<group>"; };
		7A3B1A6C22F11EA300D4A942 /* NSObject+LSDView_RoundedCorners.h */ = {isa = PBXFileReference; fileEncoding = 4; lastKnownFileType = sourcecode.c.h; path = "NSObject+LSDView_RoundedCorners.h"; sourceTree = "<group>"; };
		7A3B1A6D22F11EA300D4A942 /* UIView+Xwftility.h */ = {isa = PBXFileReference; fileEncoding = 4; lastKnownFileType = sourcecode.c.h; path = "UIView+Xwftility.h"; sourceTree = "<group>"; };
		7A3B1A6E22F11EA300D4A942 /* NSAttributedString+XwfAddition.h */ = {isa = PBXFileReference; fileEncoding = 4; lastKnownFileType = sourcecode.c.h; path = "NSAttributedString+XwfAddition.h"; sourceTree = "<group>"; };
		7A3B1A6F22F11EA300D4A942 /* UIColor+XwfAddition.h */ = {isa = PBXFileReference; fileEncoding = 4; lastKnownFileType = sourcecode.c.h; path = "UIColor+XwfAddition.h"; sourceTree = "<group>"; };
		7A3B1A7022F11EA300D4A942 /* XWFCountdownBtn.m */ = {isa = PBXFileReference; fileEncoding = 4; lastKnownFileType = sourcecode.c.objc; path = XWFCountdownBtn.m; sourceTree = "<group>"; };
		7A3B1A7122F11EA300D4A942 /* XButton.h */ = {isa = PBXFileReference; fileEncoding = 4; lastKnownFileType = sourcecode.c.h; path = XButton.h; sourceTree = "<group>"; };
		7A3B1A7222F11EA300D4A942 /* xxxVerify.h */ = {isa = PBXFileReference; fileEncoding = 4; lastKnownFileType = sourcecode.c.h; path = xxxVerify.h; sourceTree = "<group>"; };
		7A3B1A7322F11EA300D4A942 /* NSNumber+String.m */ = {isa = PBXFileReference; fileEncoding = 4; lastKnownFileType = sourcecode.c.objc; path = "NSNumber+String.m"; sourceTree = "<group>"; };
		7A3B1A7422F11EA300D4A942 /* NSNumber+String.h */ = {isa = PBXFileReference; fileEncoding = 4; lastKnownFileType = sourcecode.c.h; path = "NSNumber+String.h"; sourceTree = "<group>"; };
		7A3B1A7522F11EA300D4A942 /* NSObject+Null.h */ = {isa = PBXFileReference; fileEncoding = 4; lastKnownFileType = sourcecode.c.h; path = "NSObject+Null.h"; sourceTree = "<group>"; };
		7A3B1A7622F11EA300D4A942 /* UIView+Xwftility.m */ = {isa = PBXFileReference; fileEncoding = 4; lastKnownFileType = sourcecode.c.objc; path = "UIView+Xwftility.m"; sourceTree = "<group>"; };
		7A3B1A7722F11EA300D4A942 /* NSError+Create.m */ = {isa = PBXFileReference; fileEncoding = 4; lastKnownFileType = sourcecode.c.objc; path = "NSError+Create.m"; sourceTree = "<group>"; };
		7A3B1A7822F11EA300D4A942 /* UIColor+XwfAddition.m */ = {isa = PBXFileReference; fileEncoding = 4; lastKnownFileType = sourcecode.c.objc; path = "UIColor+XwfAddition.m"; sourceTree = "<group>"; };
		7A3B1A7A22F11EA400D4A942 /* XWFEqualSpaceFlowLayout.h */ = {isa = PBXFileReference; fileEncoding = 4; lastKnownFileType = sourcecode.c.h; path = XWFEqualSpaceFlowLayout.h; sourceTree = "<group>"; };
		7A3B1A7B22F11EA400D4A942 /* NSObject+Null.m */ = {isa = PBXFileReference; fileEncoding = 4; lastKnownFileType = sourcecode.c.objc; path = "NSObject+Null.m"; sourceTree = "<group>"; };
		7A3B1A7D22F11EA400D4A942 /* NSArray+XwfAddition.h */ = {isa = PBXFileReference; fileEncoding = 4; lastKnownFileType = sourcecode.c.h; path = "NSArray+XwfAddition.h"; sourceTree = "<group>"; };
		7A3B1A7F22F11EA400D4A942 /* XButton.m */ = {isa = PBXFileReference; fileEncoding = 4; lastKnownFileType = sourcecode.c.objc; path = XButton.m; sourceTree = "<group>"; };
		7A3B1A8022F11EA400D4A942 /* UILabel+XwfAddition.m */ = {isa = PBXFileReference; fileEncoding = 4; lastKnownFileType = sourcecode.c.objc; path = "UILabel+XwfAddition.m"; sourceTree = "<group>"; };
		7A3B1A8122F11EA400D4A942 /* NSError+Create.h */ = {isa = PBXFileReference; fileEncoding = 4; lastKnownFileType = sourcecode.c.h; path = "NSError+Create.h"; sourceTree = "<group>"; };
		7A3B1A8222F11EA400D4A942 /* NSObject+XwfAddition.m */ = {isa = PBXFileReference; fileEncoding = 4; lastKnownFileType = sourcecode.c.objc; path = "NSObject+XwfAddition.m"; sourceTree = "<group>"; };
		7A3B1A8322F11EA400D4A942 /* xxxVerify.m */ = {isa = PBXFileReference; fileEncoding = 4; lastKnownFileType = sourcecode.c.objc; path = xxxVerify.m; sourceTree = "<group>"; };
		7A3B1A8422F11EA400D4A942 /* XXXTool.h */ = {isa = PBXFileReference; fileEncoding = 4; lastKnownFileType = sourcecode.c.h; path = XXXTool.h; sourceTree = "<group>"; };
		7A3B1A8522F11EA400D4A942 /* NSArray+Log.h */ = {isa = PBXFileReference; fileEncoding = 4; lastKnownFileType = sourcecode.c.h; path = "NSArray+Log.h"; sourceTree = "<group>"; };
		7A3B1A8622F11EA400D4A942 /* UIViewController+PushViewController.h */ = {isa = PBXFileReference; fileEncoding = 4; lastKnownFileType = sourcecode.c.h; path = "UIViewController+PushViewController.h"; sourceTree = "<group>"; };
		7A3B1A8722F11EA400D4A942 /* UIViewController+PopupWindow.h */ = {isa = PBXFileReference; fileEncoding = 4; lastKnownFileType = sourcecode.c.h; path = "UIViewController+PopupWindow.h"; sourceTree = "<group>"; };
		7A3B1AD122FA5A0700D4A942 /* CsCommon.h */ = {isa = PBXFileReference; fileEncoding = 4; lastKnownFileType = sourcecode.c.h; path = CsCommon.h; sourceTree = "<group>"; };
		7A3B1AD222FA5A0700D4A942 /* CsCommon.m */ = {isa = PBXFileReference; fileEncoding = 4; lastKnownFileType = sourcecode.c.objc; path = CsCommon.m; sourceTree = "<group>"; };
		7A3B1AD422FA5C1A00D4A942 /* UIButton+XwfAddition.h */ = {isa = PBXFileReference; lastKnownFileType = sourcecode.c.h; path = "UIButton+XwfAddition.h"; sourceTree = "<group>"; };
		7A3B1AD522FA5C1A00D4A942 /* UIButton+XwfAddition.m */ = {isa = PBXFileReference; lastKnownFileType = sourcecode.c.objc; path = "UIButton+XwfAddition.m"; sourceTree = "<group>"; };
		7A3B1AD722FA5C5B00D4A942 /* UIViewController+XwfAddition.h */ = {isa = PBXFileReference; lastKnownFileType = sourcecode.c.h; path = "UIViewController+XwfAddition.h"; sourceTree = "<group>"; };
		7A3B1AD822FA5C5B00D4A942 /* UIViewController+XwfAddition.m */ = {isa = PBXFileReference; lastKnownFileType = sourcecode.c.objc; path = "UIViewController+XwfAddition.m"; sourceTree = "<group>"; };
/* End PBXFileReference section */

/* Begin PBXFrameworksBuildPhase section */
		7A3B1A3F22F11C0800D4A942 /* Frameworks */ = {
			isa = PBXFrameworksBuildPhase;
			buildActionMask = 2147483647;
			files = (
			);
			runOnlyForDeploymentPostprocessing = 0;
		};
/* End PBXFrameworksBuildPhase section */

/* Begin PBXGroup section */
		7A3B1A3922F11C0800D4A942 = {
			isa = PBXGroup;
			children = (
				7A3B1A4422F11C0800D4A942 /* XXXTool */,
				7A3B1A4322F11C0800D4A942 /* Products */,
			);
			sourceTree = "<group>";
		};
		7A3B1A4322F11C0800D4A942 /* Products */ = {
			isa = PBXGroup;
			children = (
				7A3B1A4222F11C0800D4A942 /* XXXTool.app */,
			);
			name = Products;
			sourceTree = "<group>";
		};
		7A3B1A4422F11C0800D4A942 /* XXXTool */ = {
			isa = PBXGroup;
			children = (
				7A3B1A6022F11E7900D4A942 /* Classes */,
				7A3B1A4522F11C0800D4A942 /* AppDelegate.h */,
				7A3B1A4622F11C0800D4A942 /* AppDelegate.m */,
				7A3B1A4822F11C0800D4A942 /* ViewController.h */,
				7A3B1A4922F11C0800D4A942 /* ViewController.m */,
				7A3B1A4B22F11C0800D4A942 /* Main.storyboard */,
				7A3B1A4E22F11C0A00D4A942 /* Assets.xcassets */,
				7A3B1A5022F11C0A00D4A942 /* LaunchScreen.storyboard */,
				7A3B1A5322F11C0A00D4A942 /* Info.plist */,
				7A3B1A5422F11C0A00D4A942 /* main.m */,
			);
			path = XXXTool;
			sourceTree = "<group>";
		};
		7A3B1A6022F11E7900D4A942 /* Classes */ = {
			isa = PBXGroup;
			children = (
				7A3B1A8422F11EA400D4A942 /* XXXTool.h */,
				7A3B1A8522F11EA400D4A942 /* NSArray+Log.h */,
				7A3B1A6722F11EA300D4A942 /* NSArray+Log.m */,
				7A3B1A7D22F11EA400D4A942 /* NSArray+XwfAddition.h */,
				7A3B1A6522F11EA300D4A942 /* NSArray+XwfAddition.m */,
				7A3B1A6E22F11EA300D4A942 /* NSAttributedString+XwfAddition.h */,
				7A3B1A6422F11EA300D4A942 /* NSAttributedString+XwfAddition.m */,
				7A3B1A8122F11EA400D4A942 /* NSError+Create.h */,
				7A3B1A7722F11EA300D4A942 /* NSError+Create.m */,
				7A3B1A7422F11EA300D4A942 /* NSNumber+String.h */,
				7A3B1A7322F11EA300D4A942 /* NSNumber+String.m */,
				7A3B1A6C22F11EA300D4A942 /* NSObject+LSDView_RoundedCorners.h */,
				7A3B1A6622F11EA300D4A942 /* NSObject+LSDView_RoundedCorners.m */,
				7A3B1A7522F11EA300D4A942 /* NSObject+Null.h */,
				7A3B1A7B22F11EA400D4A942 /* NSObject+Null.m */,
				7A3B1A6122F11EA300D4A942 /* NSObject+XwfAddition.h */,
				7A3B1A8222F11EA400D4A942 /* NSObject+XwfAddition.m */,
				7A3B1A6F22F11EA300D4A942 /* UIColor+XwfAddition.h */,
				7A3B1A7822F11EA300D4A942 /* UIColor+XwfAddition.m */,
				7A3B1A6822F11EA300D4A942 /* UILabel+XwfAddition.h */,
				7A3B1A8022F11EA400D4A942 /* UILabel+XwfAddition.m */,
				7A3B1AD422FA5C1A00D4A942 /* UIButton+XwfAddition.h */,
				7A3B1AD522FA5C1A00D4A942 /* UIButton+XwfAddition.m */,
				7A3B1AD722FA5C5B00D4A942 /* UIViewController+XwfAddition.h */,
				7A3B1AD822FA5C5B00D4A942 /* UIViewController+XwfAddition.m */,
				7A3B1A6D22F11EA300D4A942 /* UIView+Xwftility.h */,
				7A3B1A7622F11EA300D4A942 /* UIView+Xwftility.m */,
				7A3B1A8722F11EA400D4A942 /* UIViewController+PopupWindow.h */,
				7A3B1A6922F11EA300D4A942 /* UIViewController+PopupWindow.m */,
				7A3B1A8622F11EA400D4A942 /* UIViewController+PushViewController.h */,
				7A3B1A6A22F11EA300D4A942 /* UIViewController+PushViewController.m */,
				7A3B1AD122FA5A0700D4A942 /* CsCommon.h */,
				7A3B1AD222FA5A0700D4A942 /* CsCommon.m */,
				7A3B1A7122F11EA300D4A942 /* XButton.h */,
				7A3B1A7F22F11EA400D4A942 /* XButton.m */,
				7A3B1A6222F11EA300D4A942 /* XWFCountdownBtn.h */,
				7A3B1A7022F11EA300D4A942 /* XWFCountdownBtn.m */,
				7A3B1A7A22F11EA400D4A942 /* XWFEqualSpaceFlowLayout.h */,
				7A3B1A6B22F11EA300D4A942 /* XWFEqualSpaceFlowLayout.m */,
				7A3B1A7222F11EA300D4A942 /* xxxVerify.h */,
				7A3B1A8322F11EA400D4A942 /* xxxVerify.m */,
			);
			path = Classes;
			sourceTree = "<group>";
		};
/* End PBXGroup section */

/* Begin PBXNativeTarget section */
		7A3B1A4122F11C0800D4A942 /* XXXTool */ = {
			isa = PBXNativeTarget;
			buildConfigurationList = 7A3B1A5822F11C0A00D4A942 /* Build configuration list for PBXNativeTarget "XXXTool" */;
			buildPhases = (
				7A3B1A3E22F11C0800D4A942 /* Sources */,
				7A3B1A3F22F11C0800D4A942 /* Frameworks */,
				7A3B1A4022F11C0800D4A942 /* Resources */,
			);
			buildRules = (
			);
			dependencies = (
			);
			name = XXXTool;
			productName = XXXTool;
			productReference = 7A3B1A4222F11C0800D4A942 /* XXXTool.app */;
			productType = "com.apple.product-type.application";
		};
/* End PBXNativeTarget section */

/* Begin PBXProject section */
		7A3B1A3A22F11C0800D4A942 /* Project object */ = {
			isa = PBXProject;
			attributes = {
				LastUpgradeCheck = 1020;
				ORGANIZATIONNAME = "徐文逢";
				TargetAttributes = {
					7A3B1A4122F11C0800D4A942 = {
						CreatedOnToolsVersion = 10.2.1;
					};
				};
			};
			buildConfigurationList = 7A3B1A3D22F11C0800D4A942 /* Build configuration list for PBXProject "XXXTool" */;
			compatibilityVersion = "Xcode 9.3";
			developmentRegion = en;
			hasScannedForEncodings = 0;
			knownRegions = (
				en,
				Base,
			);
			mainGroup = 7A3B1A3922F11C0800D4A942;
			productRefGroup = 7A3B1A4322F11C0800D4A942 /* Products */;
			projectDirPath = "";
			projectRoot = "";
			targets = (
				7A3B1A4122F11C0800D4A942 /* XXXTool */,
			);
		};
/* End PBXProject section */

/* Begin PBXResourcesBuildPhase section */
		7A3B1A4022F11C0800D4A942 /* Resources */ = {
			isa = PBXResourcesBuildPhase;
			buildActionMask = 2147483647;
			files = (
				7A3B1A5222F11C0A00D4A942 /* LaunchScreen.storyboard in Resources */,
				7A3B1A4F22F11C0A00D4A942 /* Assets.xcassets in Resources */,
				7A3B1A4D22F11C0800D4A942 /* Main.storyboard in Resources */,
			);
			runOnlyForDeploymentPostprocessing = 0;
		};
/* End PBXResourcesBuildPhase section */

/* Begin PBXSourcesBuildPhase section */
		7A3B1A3E22F11C0800D4A942 /* Sources */ = {
			isa = PBXSourcesBuildPhase;
			buildActionMask = 2147483647;
			files = (
				7A3B1A8F22F11EA500D4A942 /* UIViewController+PopupWindow.m in Sources */,
				7A3B1A9722F11EA500D4A942 /* NSObject+Null.m in Sources */,
				7A3B1A9B22F11EA500D4A942 /* NSObject+XwfAddition.m in Sources */,
				7A3B1A4A22F11C0800D4A942 /* ViewController.m in Sources */,
				7A3B1A5522F11C0A00D4A942 /* main.m in Sources */,
				7A3B1A8B22F11EA500D4A942 /* NSAttributedString+XwfAddition.m in Sources */,
				7A3B1A9322F11EA500D4A942 /* NSNumber+String.m in Sources */,
				7A3B1AD922FA5C5B00D4A942 /* UIViewController+XwfAddition.m in Sources */,
				7A3B1A8C22F11EA500D4A942 /* NSArray+XwfAddition.m in Sources */,
				7A3B1A9422F11EA500D4A942 /* UIView+Xwftility.m in Sources */,
				7A3B1A9222F11EA500D4A942 /* XWFCountdownBtn.m in Sources */,
				7A3B1A9622F11EA500D4A942 /* UIColor+XwfAddition.m in Sources */,
				7A3B1A8E22F11EA500D4A942 /* NSArray+Log.m in Sources */,
				7A3B1A9122F11EA500D4A942 /* XWFEqualSpaceFlowLayout.m in Sources */,
				7A3B1AD622FA5C1A00D4A942 /* UIButton+XwfAddition.m in Sources */,
				7A3B1AD322FA5A0700D4A942 /* CsCommon.m in Sources */,
				7A3B1A4722F11C0800D4A942 /* AppDelegate.m in Sources */,
				7A3B1A8D22F11EA500D4A942 /* NSObject+LSDView_RoundedCorners.m in Sources */,
				7A3B1A9522F11EA500D4A942 /* NSError+Create.m in Sources */,
				7A3B1A9922F11EA500D4A942 /* XButton.m in Sources */,
				7A3B1A9022F11EA500D4A942 /* UIViewController+PushViewController.m in Sources */,
				7A3B1A9A22F11EA500D4A942 /* UILabel+XwfAddition.m in Sources */,
				7A3B1A9C22F11EA500D4A942 /* xxxVerify.m in Sources */,
			);
			runOnlyForDeploymentPostprocessing = 0;
		};
/* End PBXSourcesBuildPhase section */

/* Begin PBXVariantGroup section */
		7A3B1A4B22F11C0800D4A942 /* Main.storyboard */ = {
			isa = PBXVariantGroup;
			children = (
				7A3B1A4C22F11C0800D4A942 /* Base */,
			);
			name = Main.storyboard;
			sourceTree = "<group>";
		};
		7A3B1A5022F11C0A00D4A942 /* LaunchScreen.storyboard */ = {
			isa = PBXVariantGroup;
			children = (
				7A3B1A5122F11C0A00D4A942 /* Base */,
			);
			name = LaunchScreen.storyboard;
			sourceTree = "<group>";
		};
/* End PBXVariantGroup section */

/* Begin XCBuildConfiguration section */
		7A3B1A5622F11C0A00D4A942 /* Debug */ = {
			isa = XCBuildConfiguration;
			buildSettings = {
				ALWAYS_SEARCH_USER_PATHS = NO;
				CLANG_ANALYZER_NONNULL = YES;
				CLANG_ANALYZER_NUMBER_OBJECT_CONVERSION = YES_AGGRESSIVE;
				CLANG_CXX_LANGUAGE_STANDARD = "gnu++14";
				CLANG_CXX_LIBRARY = "libc++";
				CLANG_ENABLE_MODULES = YES;
				CLANG_ENABLE_OBJC_ARC = YES;
				CLANG_ENABLE_OBJC_WEAK = YES;
				CLANG_WARN_BLOCK_CAPTURE_AUTORELEASING = YES;
				CLANG_WARN_BOOL_CONVERSION = YES;
				CLANG_WARN_COMMA = YES;
				CLANG_WARN_CONSTANT_CONVERSION = YES;
				CLANG_WARN_DEPRECATED_OBJC_IMPLEMENTATIONS = YES;
				CLANG_WARN_DIRECT_OBJC_ISA_USAGE = YES_ERROR;
				CLANG_WARN_DOCUMENTATION_COMMENTS = YES;
				CLANG_WARN_EMPTY_BODY = YES;
				CLANG_WARN_ENUM_CONVERSION = YES;
				CLANG_WARN_INFINITE_RECURSION = YES;
				CLANG_WARN_INT_CONVERSION = YES;
				CLANG_WARN_NON_LITERAL_NULL_CONVERSION = YES;
				CLANG_WARN_OBJC_IMPLICIT_RETAIN_SELF = YES;
				CLANG_WARN_OBJC_LITERAL_CONVERSION = YES;
				CLANG_WARN_OBJC_ROOT_CLASS = YES_ERROR;
				CLANG_WARN_RANGE_LOOP_ANALYSIS = YES;
				CLANG_WARN_STRICT_PROTOTYPES = YES;
				CLANG_WARN_SUSPICIOUS_MOVE = YES;
				CLANG_WARN_UNGUARDED_AVAILABILITY = YES_AGGRESSIVE;
				CLANG_WARN_UNREACHABLE_CODE = YES;
				CLANG_WARN__DUPLICATE_METHOD_MATCH = YES;
				CODE_SIGN_IDENTITY = "iPhone Developer";
				COPY_PHASE_STRIP = NO;
				DEBUG_INFORMATION_FORMAT = dwarf;
				ENABLE_STRICT_OBJC_MSGSEND = YES;
				ENABLE_TESTABILITY = YES;
				GCC_C_LANGUAGE_STANDARD = gnu11;
				GCC_DYNAMIC_NO_PIC = NO;
				GCC_NO_COMMON_BLOCKS = YES;
				GCC_OPTIMIZATION_LEVEL = 0;
				GCC_PREPROCESSOR_DEFINITIONS = (
					"DEBUG=1",
					"$(inherited)",
				);
				GCC_WARN_64_TO_32_BIT_CONVERSION = YES;
				GCC_WARN_ABOUT_RETURN_TYPE = YES_ERROR;
				GCC_WARN_UNDECLARED_SELECTOR = YES;
				GCC_WARN_UNINITIALIZED_AUTOS = YES_AGGRESSIVE;
				GCC_WARN_UNUSED_FUNCTION = YES;
				GCC_WARN_UNUSED_VARIABLE = YES;
				IPHONEOS_DEPLOYMENT_TARGET = 12.2;
				MTL_ENABLE_DEBUG_INFO = INCLUDE_SOURCE;
				MTL_FAST_MATH = YES;
				ONLY_ACTIVE_ARCH = YES;
				SDKROOT = iphoneos;
			};
			name = Debug;
		};
		7A3B1A5722F11C0A00D4A942 /* Release */ = {
			isa = XCBuildConfiguration;
			buildSettings = {
				ALWAYS_SEARCH_USER_PATHS = NO;
				CLANG_ANALYZER_NONNULL = YES;
				CLANG_ANALYZER_NUMBER_OBJECT_CONVERSION = YES_AGGRESSIVE;
				CLANG_CXX_LANGUAGE_STANDARD = "gnu++14";
				CLANG_CXX_LIBRARY = "libc++";
				CLANG_ENABLE_MODULES = YES;
				CLANG_ENABLE_OBJC_ARC = YES;
				CLANG_ENABLE_OBJC_WEAK = YES;
				CLANG_WARN_BLOCK_CAPTURE_AUTORELEASING = YES;
				CLANG_WARN_BOOL_CONVERSION = YES;
				CLANG_WARN_COMMA = YES;
				CLANG_WARN_CONSTANT_CONVERSION = YES;
				CLANG_WARN_DEPRECATED_OBJC_IMPLEMENTATIONS = YES;
				CLANG_WARN_DIRECT_OBJC_ISA_USAGE = YES_ERROR;
				CLANG_WARN_DOCUMENTATION_COMMENTS = YES;
				CLANG_WARN_EMPTY_BODY = YES;
				CLANG_WARN_ENUM_CONVERSION = YES;
				CLANG_WARN_INFINITE_RECURSION = YES;
				CLANG_WARN_INT_CONVERSION = YES;
				CLANG_WARN_NON_LITERAL_NULL_CONVERSION = YES;
				CLANG_WARN_OBJC_IMPLICIT_RETAIN_SELF = YES;
				CLANG_WARN_OBJC_LITERAL_CONVERSION = YES;
				CLANG_WARN_OBJC_ROOT_CLASS = YES_ERROR;
				CLANG_WARN_RANGE_LOOP_ANALYSIS = YES;
				CLANG_WARN_STRICT_PROTOTYPES = YES;
				CLANG_WARN_SUSPICIOUS_MOVE = YES;
				CLANG_WARN_UNGUARDED_AVAILABILITY = YES_AGGRESSIVE;
				CLANG_WARN_UNREACHABLE_CODE = YES;
				CLANG_WARN__DUPLICATE_METHOD_MATCH = YES;
				CODE_SIGN_IDENTITY = "iPhone Developer";
				COPY_PHASE_STRIP = NO;
				DEBUG_INFORMATION_FORMAT = "dwarf-with-dsym";
				ENABLE_NS_ASSERTIONS = NO;
				ENABLE_STRICT_OBJC_MSGSEND = YES;
				GCC_C_LANGUAGE_STANDARD = gnu11;
				GCC_NO_COMMON_BLOCKS = YES;
				GCC_WARN_64_TO_32_BIT_CONVERSION = YES;
				GCC_WARN_ABOUT_RETURN_TYPE = YES_ERROR;
				GCC_WARN_UNDECLARED_SELECTOR = YES;
				GCC_WARN_UNINITIALIZED_AUTOS = YES_AGGRESSIVE;
				GCC_WARN_UNUSED_FUNCTION = YES;
				GCC_WARN_UNUSED_VARIABLE = YES;
				IPHONEOS_DEPLOYMENT_TARGET = 12.2;
				MTL_ENABLE_DEBUG_INFO = NO;
				MTL_FAST_MATH = YES;
				SDKROOT = iphoneos;
				VALIDATE_PRODUCT = YES;
			};
			name = Release;
		};
		7A3B1A5922F11C0A00D4A942 /* Debug */ = {
			isa = XCBuildConfiguration;
			buildSettings = {
				ASSETCATALOG_COMPILER_APPICON_NAME = AppIcon;
				CODE_SIGN_STYLE = Automatic;
				DEVELOPMENT_TEAM = Z9N685QFQ2;
				INFOPLIST_FILE = XXXTool/Info.plist;
				LD_RUNPATH_SEARCH_PATHS = (
					"$(inherited)",
					"@executable_path/Frameworks",
				);
				PRODUCT_BUNDLE_IDENTIFIER = xwf.XXXTool;
				PRODUCT_NAME = "$(TARGET_NAME)";
				TARGETED_DEVICE_FAMILY = "1,2";
			};
			name = Debug;
		};
		7A3B1A5A22F11C0A00D4A942 /* Release */ = {
			isa = XCBuildConfiguration;
			buildSettings = {
				ASSETCATALOG_COMPILER_APPICON_NAME = AppIcon;
				CODE_SIGN_STYLE = Automatic;
				DEVELOPMENT_TEAM = Z9N685QFQ2;
				INFOPLIST_FILE = XXXTool/Info.plist;
				LD_RUNPATH_SEARCH_PATHS = (
					"$(inherited)",
					"@executable_path/Frameworks",
				);
				PRODUCT_BUNDLE_IDENTIFIER = xwf.XXXTool;
				PRODUCT_NAME = "$(TARGET_NAME)";
				TARGETED_DEVICE_FAMILY = "1,2";
			};
			name = Release;
		};
/* End XCBuildConfiguration section */

/* Begin XCConfigurationList section */
		7A3B1A3D22F11C0800D4A942 /* Build configuration list for PBXProject "XXXTool" */ = {
			isa = XCConfigurationList;
			buildConfigurations = (
				7A3B1A5622F11C0A00D4A942 /* Debug */,
				7A3B1A5722F11C0A00D4A942 /* Release */,
			);
			defaultConfigurationIsVisible = 0;
			defaultConfigurationName = Release;
		};
		7A3B1A5822F11C0A00D4A942 /* Build configuration list for PBXNativeTarget "XXXTool" */ = {
			isa = XCConfigurationList;
			buildConfigurations = (
				7A3B1A5922F11C0A00D4A942 /* Debug */,
				7A3B1A5A22F11C0A00D4A942 /* Release */,
			);
			defaultConfigurationIsVisible = 0;
			defaultConfigurationName = Release;
		};
/* End XCConfigurationList section */
	};
	rootObject = 7A3B1A3A22F11C0800D4A942 /* Project object */;
}
